
Microsoft Visual Studio Solution File, Format Version 12.00
# Visual Studio Version 16
VisualStudioVersion = 16.0.29424.173
MinimumVisualStudioVersion = 10.0.40219.1
Project("{9A19103F-16F7-4668-BE54-9A1E7A4F7556}") = "Google.Sheet.Application", "SheetsApplication\Google.Sheet.Application.csproj", "{0295675D-A0B1-4EDC-836E-1D7F40B7B42C}"
EndProject
Project("{2150E333-8FDC-42A3-9474-1A3956D46DE8}") = "GoogleSheetApplication", "GoogleSheetApplication", "{AA8A68FF-C29F-4256-A564-8D44008E34C1}"
EndProject
Project("{9A19103F-16F7-4668-BE54-9A1E7A4F7556}") = "Sheet.Application.Core", "Google.Sheet.Application.Core\Sheet.Application.Core.csproj", "{8DA4B154-73B9-48AD-B91F-DFAAF0F6CE1C}"
EndProject
Project("{9A19103F-16F7-4668-BE54-9A1E7A4F7556}") = "Bolo.Project", "..\BoloProject\BoloProject\Bolo.Project.csproj", "{804A2654-CE77-457F-B59C-E7CAB9E08FC2}"
EndProject
Project("{9A19103F-16F7-4668-BE54-9A1E7A4F7556}") = "Bolo.Project.Domain", "..\BoloProject\BoloProject.Domain\Bolo.Project.Domain.csproj", "{FF4DB3B5-F500-4CEC-8FA0-53DABEF047DD}"
EndProject
Project("{2150E333-8FDC-42A3-9474-1A3956D46DE8}") = "GoogleSheetIntegration", "GoogleSheetIntegration", "{109CF3DD-A159-4133-87CB-3D0F211E72E8}"
EndProject
Project("{2150E333-8FDC-42A3-9474-1A3956D46DE8}") = "BoloApplication", "BoloApplication", "{7149B474-1486-46D1-AED9-6751815EDC5D}"
EndProject
Project("{9A19103F-16F7-4668-BE54-9A1E7A4F7556}") = "Bolo.Project.Core", "..\BoloProject\BoloProject.Processors\Bolo.Project.Core.csproj", "{984B7CFC-7899-4DFD-98EB-97B28796A3A2}"
EndProject
Global
	GlobalSection(SolutionConfigurationPlatforms) = preSolution
		Debug|Any CPU = Debug|Any CPU
		Release|Any CPU = Release|Any CPU
	EndGlobalSection
	GlobalSection(ProjectConfigurationPlatforms) = postSolution
		{0295675D-A0B1-4EDC-836E-1D7F40B7B42C}.Debug|Any CPU.ActiveCfg = Debug|Any CPU
		{0295675D-A0B1-4EDC-836E-1D7F40B7B42C}.Debug|Any CPU.Build.0 = Debug|Any CPU
		{0295675D-A0B1-4EDC-836E-1D7F40B7B42C}.Release|Any CPU.ActiveCfg = Release|Any CPU
		{0295675D-A0B1-4EDC-836E-1D7F40B7B42C}.Release|Any CPU.Build.0 = Release|Any CPU
		{8DA4B154-73B9-48AD-B91F-DFAAF0F6CE1C}.Debug|Any CPU.ActiveCfg = Debug|Any CPU
		{8DA4B154-73B9-48AD-B91F-DFAAF0F6CE1C}.Debug|Any CPU.Build.0 = Debug|Any CPU
		{8DA4B154-73B9-48AD-B91F-DFAAF0F6CE1C}.Release|Any CPU.ActiveCfg = Release|Any CPU
		{8DA4B154-73B9-48AD-B91F-DFAAF0F6CE1C}.Release|Any CPU.Build.0 = Release|Any CPU
		{804A2654-CE77-457F-B59C-E7CAB9E08FC2}.Debug|Any CPU.ActiveCfg = Debug|Any CPU
		{804A2654-CE77-457F-B59C-E7CAB9E08FC2}.Debug|Any CPU.Build.0 = Debug|Any CPU
		{804A2654-CE77-457F-B59C-E7CAB9E08FC2}.Release|Any CPU.ActiveCfg = Release|Any CPU
		{804A2654-CE77-457F-B59C-E7CAB9E08FC2}.Release|Any CPU.Build.0 = Release|Any CPU
		{FF4DB3B5-F500-4CEC-8FA0-53DABEF047DD}.Debug|Any CPU.ActiveCfg = Debug|Any CPU
		{FF4DB3B5-F500-4CEC-8FA0-53DABEF047DD}.Debug|Any CPU.Build.0 = Debug|Any CPU
		{FF4DB3B5-F500-4CEC-8FA0-53DABEF047DD}.Release|Any CPU.ActiveCfg = Release|Any CPU
		{FF4DB3B5-F500-4CEC-8FA0-53DABEF047DD}.Release|Any CPU.Build.0 = Release|Any CPU
		{984B7CFC-7899-4DFD-98EB-97B28796A3A2}.Debug|Any CPU.ActiveCfg = Debug|Any CPU
		{984B7CFC-7899-4DFD-98EB-97B28796A3A2}.Debug|Any CPU.Build.0 = Debug|Any CPU
		{984B7CFC-7899-4DFD-98EB-97B28796A3A2}.Release|Any CPU.ActiveCfg = Release|Any CPU
		{984B7CFC-7899-4DFD-98EB-97B28796A3A2}.Release|Any CPU.Build.0 = Release|Any CPU
	EndGlobalSection
	GlobalSection(SolutionProperties) = preSolution
		HideSolutionNode = FALSE
	EndGlobalSection
	GlobalSection(NestedProjects) = preSolution
		{0295675D-A0B1-4EDC-836E-1D7F40B7B42C} = {AA8A68FF-C29F-4256-A564-8D44008E34C1}
		{8DA4B154-73B9-48AD-B91F-DFAAF0F6CE1C} = {AA8A68FF-C29F-4256-A564-8D44008E34C1}
		{804A2654-CE77-457F-B59C-E7CAB9E08FC2} = {7149B474-1486-46D1-AED9-6751815EDC5D}
		{FF4DB3B5-F500-4CEC-8FA0-53DABEF047DD} = {7149B474-1486-46D1-AED9-6751815EDC5D}
		{7149B474-1486-46D1-AED9-6751815EDC5D} = {109CF3DD-A159-4133-87CB-3D0F211E72E8}
		{984B7CFC-7899-4DFD-98EB-97B28796A3A2} = {7149B474-1486-46D1-AED9-6751815EDC5D}
	EndGlobalSection
	GlobalSection(ExtensibilityGlobals) = postSolution
		SolutionGuid = {47283E26-FC49-4B21-9EA0-0995E5DACBD9}
	EndGlobalSection
EndGlobal
